
Microsoft Visual Studio Solution File, Format Version 12.00
# Visual Studio Version 16
VisualStudioVersion = 16.0.30413.136
MinimumVisualStudioVersion = 10.0.40219.1
Project("{FAE04EC0-301F-11D3-BF4B-00C04F79EFBC}") = "ToyBot", "ToyBot.csproj", "{5AA39C54-192E-4D43-915F-A689C3213518}"
EndProject
Project("{FAE04EC0-301F-11D3-BF4B-00C04F79EFBC}") = "ToyBotTest", "..\ToyBotTest\ToyBotTest.csproj", "{6E607783-593A-4933-AB47-DCEE3FA5BEDD}"
EndProject
Global
	GlobalSection(SolutionConfigurationPlatforms) = preSolution
		Debug|Any CPU = Debug|Any CPU
		Release|Any CPU = Release|Any CPU
	EndGlobalSection
	GlobalSection(ProjectConfigurationPlatforms) = postSolution
		{5AA39C54-192E-4D43-915F-A689C3213518}.Debug|Any CPU.ActiveCfg = Debug|Any CPU
		{5AA39C54-192E-4D43-915F-A689C3213518}.Debug|Any CPU.Build.0 = Debug|Any CPU
		{5AA39C54-192E-4D43-915F-A689C3213518}.Release|Any CPU.ActiveCfg = Release|Any CPU
		{5AA39C54-192E-4D43-915F-A689C3213518}.Release|Any CPU.Build.0 = Release|Any CPU
		{6E607783-593A-4933-AB47-DCEE3FA5BEDD}.Debug|Any CPU.ActiveCfg = Debug|Any CPU
		{6E607783-593A-4933-AB47-DCEE3FA5BEDD}.Debug|Any CPU.Build.0 = Debug|Any CPU
		{6E607783-593A-4933-AB47-DCEE3FA5BEDD}.Release|Any CPU.ActiveCfg = Release|Any CPU
		{6E607783-593A-4933-AB47-DCEE3FA5BEDD}.Release|Any CPU.Build.0 = Release|Any CPU
	EndGlobalSection
	GlobalSection(SolutionProperties) = preSolution
		HideSolutionNode = FALSE
	EndGlobalSection
	GlobalSection(ExtensibilityGlobals) = postSolution
		SolutionGuid = {632986AF-2E8B-40A5-840C-77C7C0F96D44}
	EndGlobalSection
EndGlobal
